
Microsoft Visual Studio Solution File, Format Version 12.00
# Visual Studio 15
VisualStudioVersion = 15.0.27428.2037
MinimumVisualStudioVersion = 10.0.40219.1
Project("{FAE04EC0-301F-11D3-BF4B-00C04F79EFBC}") = "Snake", "Snake\Snake.csproj", "{A54306FE-8073-4B33-9660-33D6AE791883}"
EndProject
Global
	GlobalSection(SolutionConfigurationPlatforms) = preSolution
		Debug|Any CPU = Debug|Any CPU
		Release|Any CPU = Release|Any CPU
	EndGlobalSection
	GlobalSection(ProjectConfigurationPlatforms) = postSolution
		{A54306FE-8073-4B33-9660-33D6AE791883}.Debug|Any CPU.ActiveCfg = Debug|Any CPU
		{A54306FE-8073-4B33-9660-33D6AE791883}.Debug|Any CPU.Build.0 = Debug|Any CPU
		{A54306FE-8073-4B33-9660-33D6AE791883}.Release|Any CPU.ActiveCfg = Release|Any CPU
		{A54306FE-8073-4B33-9660-33D6AE791883}.Release|Any CPU.Build.0 = Release|Any CPU
	EndGlobalSection
	GlobalSection(SolutionProperties) = preSolution
		HideSolutionNode = FALSE
	EndGlobalSection
	GlobalSection(ExtensibilityGlobals) = postSolution
		SolutionGuid = {3CB51730-CBCD-4BCA-A9E7-8466BCF21F7F}
	EndGlobalSection
EndGlobal
